
Microsoft Visual Studio Solution File, Format Version 11.00
# Visual Studio 2010
Project("{FAE04EC0-301F-11D3-BF4B-00C04F79EFBC}") = "Asteroids", "Asteroids\Asteroids\Asteroids.csproj", "{4A6799D8-351A-468B-8217-98A0E0523555}"
EndProject
Project("{FAE04EC0-301F-11D3-BF4B-00C04F79EFBC}") = "AsteroidsContent", "Asteroids\AsteroidsContent\AsteroidsContent.contentproj", "{55E18339-67A3-41E5-B8E9-9E0CE9483C8C}"
EndProject
Project("{FAE04EC0-301F-11D3-BF4B-00C04F79EFBC}") = "EntityEngine", "..\EntityEngine\EntityEngine\EntityEngine.csproj", "{9F346BBB-6E03-4A1F-B3E8-7901DC6C9C2C}"
EndProject
Global
	GlobalSection(SolutionConfigurationPlatforms) = preSolution
		Debug|x86 = Debug|x86
		Release|x86 = Release|x86
	EndGlobalSection
	GlobalSection(ProjectConfigurationPlatforms) = postSolution
		{4A6799D8-351A-468B-8217-98A0E0523555}.Debug|x86.ActiveCfg = Debug|x86
		{4A6799D8-351A-468B-8217-98A0E0523555}.Debug|x86.Build.0 = Debug|x86
		{4A6799D8-351A-468B-8217-98A0E0523555}.Release|x86.ActiveCfg = Release|x86
		{4A6799D8-351A-468B-8217-98A0E0523555}.Release|x86.Build.0 = Release|x86
		{55E18339-67A3-41E5-B8E9-9E0CE9483C8C}.Debug|x86.ActiveCfg = Debug|x86
		{55E18339-67A3-41E5-B8E9-9E0CE9483C8C}.Release|x86.ActiveCfg = Release|x86
		{9F346BBB-6E03-4A1F-B3E8-7901DC6C9C2C}.Debug|x86.ActiveCfg = Debug|x86
		{9F346BBB-6E03-4A1F-B3E8-7901DC6C9C2C}.Debug|x86.Build.0 = Debug|x86
		{9F346BBB-6E03-4A1F-B3E8-7901DC6C9C2C}.Release|x86.ActiveCfg = Release|x86
		{9F346BBB-6E03-4A1F-B3E8-7901DC6C9C2C}.Release|x86.Build.0 = Release|x86
	EndGlobalSection
	GlobalSection(SolutionProperties) = preSolution
		HideSolutionNode = FALSE
	EndGlobalSection
EndGlobal
